// !$*UTF8*$!
{
	archiveVersion = 1;
	classes = {
	};
	objectVersion = 56;
	objects = {

/* Begin PBXBuildFile section */
		46078C302A7E9DDC00116983 /* AppDelegate.swift in Sources */ = {isa = PBXBuildFile; fileRef = 46078C2F2A7E9DDC00116983 /* AppDelegate.swift */; };
		46078C322A7E9DDC00116983 /* SceneDelegate.swift in Sources */ = {isa = PBXBuildFile; fileRef = 46078C312A7E9DDC00116983 /* SceneDelegate.swift */; };
		46078C342A7E9DDC00116983 /* HomeViewController.swift in Sources */ = {isa = PBXBuildFile; fileRef = 46078C332A7E9DDC00116983 /* HomeViewController.swift */; };
		46078C392A7E9DDD00116983 /* Assets.xcassets in Resources */ = {isa = PBXBuildFile; fileRef = 46078C382A7E9DDD00116983 /* Assets.xcassets */; };
		46078C3C2A7E9DDD00116983 /* LaunchScreen.storyboard in Resources */ = {isa = PBXBuildFile; fileRef = 46078C3A2A7E9DDD00116983 /* LaunchScreen.storyboard */; };
		4663DC312A7F382800EB70FC /* TabBarViewController.swift in Sources */ = {isa = PBXBuildFile; fileRef = 4663DC302A7F382800EB70FC /* TabBarViewController.swift */; };
		4663DC332A7F384700EB70FC /* SearchViewController.swift in Sources */ = {isa = PBXBuildFile; fileRef = 4663DC322A7F384700EB70FC /* SearchViewController.swift */; };
		4663DC352A7F385C00EB70FC /* LibraryViewController.swift in Sources */ = {isa = PBXBuildFile; fileRef = 4663DC342A7F385C00EB70FC /* LibraryViewController.swift */; };
		4663DC382A7F388200EB70FC /* AuthViewController.swift in Sources */ = {isa = PBXBuildFile; fileRef = 4663DC372A7F388200EB70FC /* AuthViewController.swift */; };
		4663DC3A2A7F389200EB70FC /* WelcomeViewController.swift in Sources */ = {isa = PBXBuildFile; fileRef = 4663DC392A7F389200EB70FC /* WelcomeViewController.swift */; };
		4663DC3C2A7F389E00EB70FC /* SettingsViewController.swift in Sources */ = {isa = PBXBuildFile; fileRef = 4663DC3B2A7F389E00EB70FC /* SettingsViewController.swift */; };
		4663DC3E2A7F38AE00EB70FC /* ProfileViewController.swift in Sources */ = {isa = PBXBuildFile; fileRef = 4663DC3D2A7F38AE00EB70FC /* ProfileViewController.swift */; };
		4663DC402A7F38B600EB70FC /* PlayerViewController.swift in Sources */ = {isa = PBXBuildFile; fileRef = 4663DC3F2A7F38B600EB70FC /* PlayerViewController.swift */; };
		4663DC422A7F38C300EB70FC /* PlaylistViewController.swift in Sources */ = {isa = PBXBuildFile; fileRef = 4663DC412A7F38C300EB70FC /* PlaylistViewController.swift */; };
		4663DC442A7F38D100EB70FC /* SearchResultViewController.swift in Sources */ = {isa = PBXBuildFile; fileRef = 4663DC432A7F38D100EB70FC /* SearchResultViewController.swift */; };
		4663DC472A7F390E00EB70FC /* AuthManager.swift in Sources */ = {isa = PBXBuildFile; fileRef = 4663DC462A7F390E00EB70FC /* AuthManager.swift */; };
		4663DC492A7F391E00EB70FC /* APICaller.swift in Sources */ = {isa = PBXBuildFile; fileRef = 4663DC482A7F391E00EB70FC /* APICaller.swift */; };
		4663DC4B2A7F392B00EB70FC /* HapticsManager.swift in Sources */ = {isa = PBXBuildFile; fileRef = 4663DC4A2A7F392B00EB70FC /* HapticsManager.swift */; };
		4663DC4D2A7F394E00EB70FC /* Playlist.swift in Sources */ = {isa = PBXBuildFile; fileRef = 4663DC4C2A7F394E00EB70FC /* Playlist.swift */; };
		4663DC4F2A7F395A00EB70FC /* AudioTrack.swift in Sources */ = {isa = PBXBuildFile; fileRef = 4663DC4E2A7F395A00EB70FC /* AudioTrack.swift */; };
		4663DC512A7F396400EB70FC /* Artist.swift in Sources */ = {isa = PBXBuildFile; fileRef = 4663DC502A7F396400EB70FC /* Artist.swift */; };
		4663DC532A7F396F00EB70FC /* UserProfile.swift in Sources */ = {isa = PBXBuildFile; fileRef = 4663DC522A7F396F00EB70FC /* UserProfile.swift */; };
/* End PBXBuildFile section */

/* Begin PBXFileReference section */
		46078C2C2A7E9DDC00116983 /* Spotify.app */ = {isa = PBXFileReference; explicitFileType = wrapper.application; includeInIndex = 0; path = Spotify.app; sourceTree = BUILT_PRODUCTS_DIR; };
		46078C2F2A7E9DDC00116983 /* AppDelegate.swift */ = {isa = PBXFileReference; lastKnownFileType = sourcecode.swift; path = AppDelegate.swift; sourceTree = "<group>"; };
		46078C312A7E9DDC00116983 /* SceneDelegate.swift */ = {isa = PBXFileReference; lastKnownFileType = sourcecode.swift; path = SceneDelegate.swift; sourceTree = "<group>"; };
		46078C332A7E9DDC00116983 /* HomeViewController.swift */ = {isa = PBXFileReference; lastKnownFileType = sourcecode.swift; path = HomeViewController.swift; sourceTree = "<group>"; };
		46078C382A7E9DDD00116983 /* Assets.xcassets */ = {isa = PBXFileReference; lastKnownFileType = folder.assetcatalog; path = Assets.xcassets; sourceTree = "<group>"; };
		46078C3B2A7E9DDD00116983 /* Base */ = {isa = PBXFileReference; lastKnownFileType = file.storyboard; name = Base; path = Base.lproj/LaunchScreen.storyboard; sourceTree = "<group>"; };
		46078C3D2A7E9DDD00116983 /* Info.plist */ = {isa = PBXFileReference; lastKnownFileType = text.plist.xml; path = Info.plist; sourceTree = "<group>"; };
		4663DC302A7F382800EB70FC /* TabBarViewController.swift */ = {isa = PBXFileReference; lastKnownFileType = sourcecode.swift; path = TabBarViewController.swift; sourceTree = "<group>"; };
		4663DC322A7F384700EB70FC /* SearchViewController.swift */ = {isa = PBXFileReference; lastKnownFileType = sourcecode.swift; path = SearchViewController.swift; sourceTree = "<group>"; };
		4663DC342A7F385C00EB70FC /* LibraryViewController.swift */ = {isa = PBXFileReference; lastKnownFileType = sourcecode.swift; path = LibraryViewController.swift; sourceTree = "<group>"; };
		4663DC372A7F388200EB70FC /* AuthViewController.swift */ = {isa = PBXFileReference; lastKnownFileType = sourcecode.swift; path = AuthViewController.swift; sourceTree = "<group>"; };
		4663DC392A7F389200EB70FC /* WelcomeViewController.swift */ = {isa = PBXFileReference; lastKnownFileType = sourcecode.swift; path = WelcomeViewController.swift; sourceTree = "<group>"; };
		4663DC3B2A7F389E00EB70FC /* SettingsViewController.swift */ = {isa = PBXFileReference; lastKnownFileType = sourcecode.swift; path = SettingsViewController.swift; sourceTree = "<group>"; };
		4663DC3D2A7F38AE00EB70FC /* ProfileViewController.swift */ = {isa = PBXFileReference; lastKnownFileType = sourcecode.swift; path = ProfileViewController.swift; sourceTree = "<group>"; };
		4663DC3F2A7F38B600EB70FC /* PlayerViewController.swift */ = {isa = PBXFileReference; lastKnownFileType = sourcecode.swift; path = PlayerViewController.swift; sourceTree = "<group>"; };
		4663DC412A7F38C300EB70FC /* PlaylistViewController.swift */ = {isa = PBXFileReference; lastKnownFileType = sourcecode.swift; path = PlaylistViewController.swift; sourceTree = "<group>"; };
		4663DC432A7F38D100EB70FC /* SearchResultViewController.swift */ = {isa = PBXFileReference; lastKnownFileType = sourcecode.swift; path = SearchResultViewController.swift; sourceTree = "<group>"; };
		4663DC462A7F390E00EB70FC /* AuthManager.swift */ = {isa = PBXFileReference; lastKnownFileType = sourcecode.swift; name = AuthManager.swift; path = Spotify/Managers/AuthManager.swift; sourceTree = SOURCE_ROOT; };
		4663DC482A7F391E00EB70FC /* APICaller.swift */ = {isa = PBXFileReference; lastKnownFileType = sourcecode.swift; name = APICaller.swift; path = Spotify/Managers/APICaller.swift; sourceTree = SOURCE_ROOT; };
		4663DC4A2A7F392B00EB70FC /* HapticsManager.swift */ = {isa = PBXFileReference; lastKnownFileType = sourcecode.swift; name = HapticsManager.swift; path = Spotify/Managers/HapticsManager.swift; sourceTree = SOURCE_ROOT; };
		4663DC4C2A7F394E00EB70FC /* Playlist.swift */ = {isa = PBXFileReference; lastKnownFileType = sourcecode.swift; name = Playlist.swift; path = Spotify/Controllers/Playlist.swift; sourceTree = SOURCE_ROOT; };
		4663DC4E2A7F395A00EB70FC /* AudioTrack.swift */ = {isa = PBXFileReference; lastKnownFileType = sourcecode.swift; name = AudioTrack.swift; path = Spotify/Controllers/AudioTrack.swift; sourceTree = SOURCE_ROOT; };
		4663DC502A7F396400EB70FC /* Artist.swift */ = {isa = PBXFileReference; lastKnownFileType = sourcecode.swift; name = Artist.swift; path = Spotify/Controllers/Artist.swift; sourceTree = SOURCE_ROOT; };
		4663DC522A7F396F00EB70FC /* UserProfile.swift */ = {isa = PBXFileReference; lastKnownFileType = sourcecode.swift; name = UserProfile.swift; path = Spotify/Controllers/UserProfile.swift; sourceTree = SOURCE_ROOT; };
/* End PBXFileReference section */

/* Begin PBXFrameworksBuildPhase section */
		46078C292A7E9DDC00116983 /* Frameworks */ = {
			isa = PBXFrameworksBuildPhase;
			buildActionMask = 2147483647;
			files = (
			);
			runOnlyForDeploymentPostprocessing = 0;
		};
/* End PBXFrameworksBuildPhase section */

/* Begin PBXGroup section */
		46078C232A7E9DDC00116983 = {
			isa = PBXGroup;
			children = (
				46078C2E2A7E9DDC00116983 /* Spotify */,
				46078C2D2A7E9DDC00116983 /* Products */,
			);
			sourceTree = "<group>";
		};
		46078C2D2A7E9DDC00116983 /* Products */ = {
			isa = PBXGroup;
			children = (
				46078C2C2A7E9DDC00116983 /* Spotify.app */,
			);
			name = Products;
			sourceTree = "<group>";
		};
		46078C2E2A7E9DDC00116983 /* Spotify */ = {
			isa = PBXGroup;
			children = (
				4663DC572A7F41E900EB70FC /* Managers */,
				46078C472A7E9F9800116983 /* Resources */,
				46078C462A7E9F8900116983 /* ViewModels */,
				46078C452A7E9F8200116983 /* Controllers */,
				46078C442A7E9F7C00116983 /* Views */,
				46078C432A7E9F7200116983 /* Models */,
				46078C3D2A7E9DDD00116983 /* Info.plist */,
			);
			path = Spotify;
			sourceTree = "<group>";
		};
		46078C432A7E9F7200116983 /* Models */ = {
			isa = PBXGroup;
			children = (
				4663DC4C2A7F394E00EB70FC /* Playlist.swift */,
				4663DC4E2A7F395A00EB70FC /* AudioTrack.swift */,
				4663DC502A7F396400EB70FC /* Artist.swift */,
				4663DC522A7F396F00EB70FC /* UserProfile.swift */,
			);
			path = Models;
			sourceTree = "<group>";
		};
		46078C442A7E9F7C00116983 /* Views */ = {
			isa = PBXGroup;
			children = (
				46078C3A2A7E9DDD00116983 /* LaunchScreen.storyboard */,
			);
			path = Views;
			sourceTree = "<group>";
		};
		46078C452A7E9F8200116983 /* Controllers */ = {
			isa = PBXGroup;
			children = (
				4663DC362A7F386500EB70FC /* Core */,
				4663DC452A7F38ED00EB70FC /* Other */,
			);
			path = Controllers;
			sourceTree = "<group>";
		};
		46078C462A7E9F8900116983 /* ViewModels */ = {
			isa = PBXGroup;
			children = (
			);
			path = ViewModels;
			sourceTree = "<group>";
		};
		46078C472A7E9F9800116983 /* Resources */ = {
			isa = PBXGroup;
			children = (
				46078C382A7E9DDD00116983 /* Assets.xcassets */,
				46078C2F2A7E9DDC00116983 /* AppDelegate.swift */,
				46078C312A7E9DDC00116983 /* SceneDelegate.swift */,
			);
			path = Resources;
			sourceTree = "<group>";
		};
		4663DC362A7F386500EB70FC /* Core */ = {
			isa = PBXGroup;
			children = (
				46078C332A7E9DDC00116983 /* HomeViewController.swift */,
				4663DC302A7F382800EB70FC /* TabBarViewController.swift */,
				4663DC322A7F384700EB70FC /* SearchViewController.swift */,
				4663DC342A7F385C00EB70FC /* LibraryViewController.swift */,
			);
			path = Core;
			sourceTree = "<group>";
		};
		4663DC452A7F38ED00EB70FC /* Other */ = {
			isa = PBXGroup;
			children = (
				4663DC372A7F388200EB70FC /* AuthViewController.swift */,
				4663DC392A7F389200EB70FC /* WelcomeViewController.swift */,
				4663DC3B2A7F389E00EB70FC /* SettingsViewController.swift */,
				4663DC3D2A7F38AE00EB70FC /* ProfileViewController.swift */,
				4663DC3F2A7F38B600EB70FC /* PlayerViewController.swift */,
				4663DC412A7F38C300EB70FC /* PlaylistViewController.swift */,
				4663DC432A7F38D100EB70FC /* SearchResultViewController.swift */,
			);
			path = Other;
			sourceTree = "<group>";
		};
		4663DC572A7F41E900EB70FC /* Managers */ = {
			isa = PBXGroup;
			children = (
				4663DC462A7F390E00EB70FC /* AuthManager.swift */,
				4663DC482A7F391E00EB70FC /* APICaller.swift */,
				4663DC4A2A7F392B00EB70FC /* HapticsManager.swift */,
			);
			path = Managers;
			sourceTree = "<group>";
		};
/* End PBXGroup section */

/* Begin PBXNativeTarget section */
		46078C2B2A7E9DDC00116983 /* Spotify */ = {
			isa = PBXNativeTarget;
			buildConfigurationList = 46078C402A7E9DDD00116983 /* Build configuration list for PBXNativeTarget "Spotify" */;
			buildPhases = (
				46078C282A7E9DDC00116983 /* Sources */,
				46078C292A7E9DDC00116983 /* Frameworks */,
				46078C2A2A7E9DDC00116983 /* Resources */,
			);
			buildRules = (
			);
			dependencies = (
			);
			name = Spotify;
			productName = Spotify;
			productReference = 46078C2C2A7E9DDC00116983 /* Spotify.app */;
			productType = "com.apple.product-type.application";
		};
/* End PBXNativeTarget section */

/* Begin PBXProject section */
		46078C242A7E9DDC00116983 /* Project object */ = {
			isa = PBXProject;
			attributes = {
				BuildIndependentTargetsInParallel = 1;
				LastSwiftUpdateCheck = 1430;
				LastUpgradeCheck = 1430;
				TargetAttributes = {
					46078C2B2A7E9DDC00116983 = {
						CreatedOnToolsVersion = 14.3.1;
					};
				};
			};
			buildConfigurationList = 46078C272A7E9DDC00116983 /* Build configuration list for PBXProject "Spotify" */;
			compatibilityVersion = "Xcode 14.0";
			developmentRegion = en;
			hasScannedForEncodings = 0;
			knownRegions = (
				en,
				Base,
			);
			mainGroup = 46078C232A7E9DDC00116983;
			productRefGroup = 46078C2D2A7E9DDC00116983 /* Products */;
			projectDirPath = "";
			projectRoot = "";
			targets = (
				46078C2B2A7E9DDC00116983 /* Spotify */,
			);
		};
/* End PBXProject section */

/* Begin PBXResourcesBuildPhase section */
		46078C2A2A7E9DDC00116983 /* Resources */ = {
			isa = PBXResourcesBuildPhase;
			buildActionMask = 2147483647;
			files = (
				46078C3C2A7E9DDD00116983 /* LaunchScreen.storyboard in Resources */,
				46078C392A7E9DDD00116983 /* Assets.xcassets in Resources */,
			);
			runOnlyForDeploymentPostprocessing = 0;
		};
/* End PBXResourcesBuildPhase section */

/* Begin PBXSourcesBuildPhase section */
		46078C282A7E9DDC00116983 /* Sources */ = {
			isa = PBXSourcesBuildPhase;
			buildActionMask = 2147483647;
			files = (
				4663DC332A7F384700EB70FC /* SearchViewController.swift in Sources */,
				4663DC4D2A7F394E00EB70FC /* Playlist.swift in Sources */,
				4663DC472A7F390E00EB70FC /* AuthManager.swift in Sources */,
				4663DC3A2A7F389200EB70FC /* WelcomeViewController.swift in Sources */,
				4663DC3E2A7F38AE00EB70FC /* ProfileViewController.swift in Sources */,
				4663DC312A7F382800EB70FC /* TabBarViewController.swift in Sources */,
				46078C342A7E9DDC00116983 /* HomeViewController.swift in Sources */,
				4663DC4B2A7F392B00EB70FC /* HapticsManager.swift in Sources */,
				4663DC4F2A7F395A00EB70FC /* AudioTrack.swift in Sources */,
				4663DC382A7F388200EB70FC /* AuthViewController.swift in Sources */,
				46078C302A7E9DDC00116983 /* AppDelegate.swift in Sources */,
				4663DC352A7F385C00EB70FC /* LibraryViewController.swift in Sources */,
				4663DC532A7F396F00EB70FC /* UserProfile.swift in Sources */,
				4663DC422A7F38C300EB70FC /* PlaylistViewController.swift in Sources */,
				4663DC512A7F396400EB70FC /* Artist.swift in Sources */,
				46078C322A7E9DDC00116983 /* SceneDelegate.swift in Sources */,
				4663DC402A7F38B600EB70FC /* PlayerViewController.swift in Sources */,
				4663DC442A7F38D100EB70FC /* SearchResultViewController.swift in Sources */,
				4663DC492A7F391E00EB70FC /* APICaller.swift in Sources */,
				4663DC3C2A7F389E00EB70FC /* SettingsViewController.swift in Sources */,
			);
			runOnlyForDeploymentPostprocessing = 0;
		};
/* End PBXSourcesBuildPhase section */

/* Begin PBXVariantGroup section */
		46078C3A2A7E9DDD00116983 /* LaunchScreen.storyboard */ = {
			isa = PBXVariantGroup;
			children = (
				46078C3B2A7E9DDD00116983 /* Base */,
			);
			name = LaunchScreen.storyboard;
			sourceTree = "<group>";
		};
/* End PBXVariantGroup section */

/* Begin XCBuildConfiguration section */
		46078C3E2A7E9DDD00116983 /* Debug */ = {
			isa = XCBuildConfiguration;
			buildSettings = {
				ALWAYS_SEARCH_USER_PATHS = NO;
				CLANG_ANALYZER_NONNULL = YES;
				CLANG_ANALYZER_NUMBER_OBJECT_CONVERSION = YES_AGGRESSIVE;
				CLANG_CXX_LANGUAGE_STANDARD = "gnu++20";
				CLANG_ENABLE_MODULES = YES;
				CLANG_ENABLE_OBJC_ARC = YES;
				CLANG_ENABLE_OBJC_WEAK = YES;
				CLANG_WARN_BLOCK_CAPTURE_AUTORELEASING = YES;
				CLANG_WARN_BOOL_CONVERSION = YES;
				CLANG_WARN_COMMA = YES;
				CLANG_WARN_CONSTANT_CONVERSION = YES;
				CLANG_WARN_DEPRECATED_OBJC_IMPLEMENTATIONS = YES;
				CLANG_WARN_DIRECT_OBJC_ISA_USAGE = YES_ERROR;
				CLANG_WARN_DOCUMENTATION_COMMENTS = YES;
				CLANG_WARN_EMPTY_BODY = YES;
				CLANG_WARN_ENUM_CONVERSION = YES;
				CLANG_WARN_INFINITE_RECURSION = YES;
				CLANG_WARN_INT_CONVERSION = YES;
				CLANG_WARN_NON_LITERAL_NULL_CONVERSION = YES;
				CLANG_WARN_OBJC_IMPLICIT_RETAIN_SELF = YES;
				CLANG_WARN_OBJC_LITERAL_CONVERSION = YES;
				CLANG_WARN_OBJC_ROOT_CLASS = YES_ERROR;
				CLANG_WARN_QUOTED_INCLUDE_IN_FRAMEWORK_HEADER = YES;
				CLANG_WARN_RANGE_LOOP_ANALYSIS = YES;
				CLANG_WARN_STRICT_PROTOTYPES = YES;
				CLANG_WARN_SUSPICIOUS_MOVE = YES;
				CLANG_WARN_UNGUARDED_AVAILABILITY = YES_AGGRESSIVE;
				CLANG_WARN_UNREACHABLE_CODE = YES;
				CLANG_WARN__DUPLICATE_METHOD_MATCH = YES;
				COPY_PHASE_STRIP = NO;
				DEBUG_INFORMATION_FORMAT = dwarf;
				ENABLE_STRICT_OBJC_MSGSEND = YES;
				ENABLE_TESTABILITY = YES;
				GCC_C_LANGUAGE_STANDARD = gnu11;
				GCC_DYNAMIC_NO_PIC = NO;
				GCC_NO_COMMON_BLOCKS = YES;
				GCC_OPTIMIZATION_LEVEL = 0;
				GCC_PREPROCESSOR_DEFINITIONS = (
					"DEBUG=1",
					"$(inherited)",
				);
				GCC_WARN_64_TO_32_BIT_CONVERSION = YES;
				GCC_WARN_ABOUT_RETURN_TYPE = YES_ERROR;
				GCC_WARN_UNDECLARED_SELECTOR = YES;
				GCC_WARN_UNINITIALIZED_AUTOS = YES_AGGRESSIVE;
				GCC_WARN_UNUSED_FUNCTION = YES;
				GCC_WARN_UNUSED_VARIABLE = YES;
				IPHONEOS_DEPLOYMENT_TARGET = 16.4;
				MTL_ENABLE_DEBUG_INFO = INCLUDE_SOURCE;
				MTL_FAST_MATH = YES;
				ONLY_ACTIVE_ARCH = YES;
				SDKROOT = iphoneos;
				SWIFT_ACTIVE_COMPILATION_CONDITIONS = DEBUG;
				SWIFT_OPTIMIZATION_LEVEL = "-Onone";
			};
			name = Debug;
		};
		46078C3F2A7E9DDD00116983 /* Release */ = {
			isa = XCBuildConfiguration;
			buildSettings = {
				ALWAYS_SEARCH_USER_PATHS = NO;
				CLANG_ANALYZER_NONNULL = YES;
				CLANG_ANALYZER_NUMBER_OBJECT_CONVERSION = YES_AGGRESSIVE;
				CLANG_CXX_LANGUAGE_STANDARD = "gnu++20";
				CLANG_ENABLE_MODULES = YES;
				CLANG_ENABLE_OBJC_ARC = YES;
				CLANG_ENABLE_OBJC_WEAK = YES;
				CLANG_WARN_BLOCK_CAPTURE_AUTORELEASING = YES;
				CLANG_WARN_BOOL_CONVERSION = YES;
				CLANG_WARN_COMMA = YES;
				CLANG_WARN_CONSTANT_CONVERSION = YES;
				CLANG_WARN_DEPRECATED_OBJC_IMPLEMENTATIONS = YES;
				CLANG_WARN_DIRECT_OBJC_ISA_USAGE = YES_ERROR;
				CLANG_WARN_DOCUMENTATION_COMMENTS = YES;
				CLANG_WARN_EMPTY_BODY = YES;
				CLANG_WARN_ENUM_CONVERSION = YES;
				CLANG_WARN_INFINITE_RECURSION = YES;
				CLANG_WARN_INT_CONVERSION = YES;
				CLANG_WARN_NON_LITERAL_NULL_CONVERSION = YES;
				CLANG_WARN_OBJC_IMPLICIT_RETAIN_SELF = YES;
				CLANG_WARN_OBJC_LITERAL_CONVERSION = YES;
				CLANG_WARN_OBJC_ROOT_CLASS = YES_ERROR;
				CLANG_WARN_QUOTED_INCLUDE_IN_FRAMEWORK_HEADER = YES;
				CLANG_WARN_RANGE_LOOP_ANALYSIS = YES;
				CLANG_WARN_STRICT_PROTOTYPES = YES;
				CLANG_WARN_SUSPICIOUS_MOVE = YES;
				CLANG_WARN_UNGUARDED_AVAILABILITY = YES_AGGRESSIVE;
				CLANG_WARN_UNREACHABLE_CODE = YES;
				CLANG_WARN__DUPLICATE_METHOD_MATCH = YES;
				COPY_PHASE_STRIP = NO;
				DEBUG_INFORMATION_FORMAT = "dwarf-with-dsym";
				ENABLE_NS_ASSERTIONS = NO;
				ENABLE_STRICT_OBJC_MSGSEND = YES;
				GCC_C_LANGUAGE_STANDARD = gnu11;
				GCC_NO_COMMON_BLOCKS = YES;
				GCC_WARN_64_TO_32_BIT_CONVERSION = YES;
				GCC_WARN_ABOUT_RETURN_TYPE = YES_ERROR;
				GCC_WARN_UNDECLARED_SELECTOR = YES;
				GCC_WARN_UNINITIALIZED_AUTOS = YES_AGGRESSIVE;
				GCC_WARN_UNUSED_FUNCTION = YES;
				GCC_WARN_UNUSED_VARIABLE = YES;
				IPHONEOS_DEPLOYMENT_TARGET = 16.4;
				MTL_ENABLE_DEBUG_INFO = NO;
				MTL_FAST_MATH = YES;
				SDKROOT = iphoneos;
				SWIFT_COMPILATION_MODE = wholemodule;
				SWIFT_OPTIMIZATION_LEVEL = "-O";
				VALIDATE_PRODUCT = YES;
			};
			name = Release;
		};
		46078C412A7E9DDD00116983 /* Debug */ = {
			isa = XCBuildConfiguration;
			buildSettings = {
				ASSETCATALOG_COMPILER_APPICON_NAME = AppIcon;
				ASSETCATALOG_COMPILER_GLOBAL_ACCENT_COLOR_NAME = AccentColor;
				CODE_SIGN_STYLE = Automatic;
				CURRENT_PROJECT_VERSION = 1;
				GENERATE_INFOPLIST_FILE = YES;
				INFOPLIST_FILE = Spotify/Info.plist;
				INFOPLIST_KEY_UIApplicationSupportsIndirectInputEvents = YES;
				INFOPLIST_KEY_UILaunchStoryboardName = LaunchScreen;
				INFOPLIST_KEY_UISupportedInterfaceOrientations_iPad = "UIInterfaceOrientationPortrait UIInterfaceOrientationPortraitUpsideDown UIInterfaceOrientationLandscapeLeft UIInterfaceOrientationLandscapeRight";
				INFOPLIST_KEY_UISupportedInterfaceOrientations_iPhone = "UIInterfaceOrientationPortrait UIInterfaceOrientationLandscapeLeft UIInterfaceOrientationLandscapeRight";
				LD_RUNPATH_SEARCH_PATHS = (
					"$(inherited)",
					"@executable_path/Frameworks",
				);
				MARKETING_VERSION = 1.0;
				PRODUCT_BUNDLE_IDENTIFIER = dhok.abhishek.Spotify;
				PRODUCT_NAME = "$(TARGET_NAME)";
				SWIFT_EMIT_LOC_STRINGS = YES;
				SWIFT_VERSION = 5.0;
				TARGETED_DEVICE_FAMILY = "1,2";
			};
			name = Debug;
		};
		46078C422A7E9DDD00116983 /* Release */ = {
			isa = XCBuildConfiguration;
			buildSettings = {
				ASSETCATALOG_COMPILER_APPICON_NAME = AppIcon;
				ASSETCATALOG_COMPILER_GLOBAL_ACCENT_COLOR_NAME = AccentColor;
				CODE_SIGN_STYLE = Automatic;
				CURRENT_PROJECT_VERSION = 1;
				GENERATE_INFOPLIST_FILE = YES;
				INFOPLIST_FILE = Spotify/Info.plist;
				INFOPLIST_KEY_UIApplicationSupportsIndirectInputEvents = YES;
				INFOPLIST_KEY_UILaunchStoryboardName = LaunchScreen;
				INFOPLIST_KEY_UISupportedInterfaceOrientations_iPad = "UIInterfaceOrientationPortrait UIInterfaceOrientationPortraitUpsideDown UIInterfaceOrientationLandscapeLeft UIInterfaceOrientationLandscapeRight";
				INFOPLIST_KEY_UISupportedInterfaceOrientations_iPhone = "UIInterfaceOrientationPortrait UIInterfaceOrientationLandscapeLeft UIInterfaceOrientationLandscapeRight";
				LD_RUNPATH_SEARCH_PATHS = (
					"$(inherited)",
					"@executable_path/Frameworks",
				);
				MARKETING_VERSION = 1.0;
				PRODUCT_BUNDLE_IDENTIFIER = dhok.abhishek.Spotify;
				PRODUCT_NAME = "$(TARGET_NAME)";
				SWIFT_EMIT_LOC_STRINGS = YES;
				SWIFT_VERSION = 5.0;
				TARGETED_DEVICE_FAMILY = "1,2";
			};
			name = Release;
		};
/* End XCBuildConfiguration section */

/* Begin XCConfigurationList section */
		46078C272A7E9DDC00116983 /* Build configuration list for PBXProject "Spotify" */ = {
			isa = XCConfigurationList;
			buildConfigurations = (
				46078C3E2A7E9DDD00116983 /* Debug */,
				46078C3F2A7E9DDD00116983 /* Release */,
			);
			defaultConfigurationIsVisible = 0;
			defaultConfigurationName = Release;
		};
		46078C402A7E9DDD00116983 /* Build configuration list for PBXNativeTarget "Spotify" */ = {
			isa = XCConfigurationList;
			buildConfigurations = (
				46078C412A7E9DDD00116983 /* Debug */,
				46078C422A7E9DDD00116983 /* Release */,
			);
			defaultConfigurationIsVisible = 0;
			defaultConfigurationName = Release;
		};
/* End XCConfigurationList section */
	};
	rootObject = 46078C242A7E9DDC00116983 /* Project object */;
}
